// !$*UTF8*$!
{
	archiveVersion = 1;
	classes = {
	};
	objectVersion = 55;
	objects = {

/* Begin PBXBuildFile section */
		2B467628286B19F20056CAD7 /* NetworkManager.swift in Sources */ = {isa = PBXBuildFile; fileRef = 2B467627286B19F20056CAD7 /* NetworkManager.swift */; };
		2B46762A286B292E0056CAD7 /* ImageProperties.swift in Sources */ = {isa = PBXBuildFile; fileRef = 2B467629286B292E0056CAD7 /* ImageProperties.swift */; };
		2B46762C286B308B0056CAD7 /* DataProvider.swift in Sources */ = {isa = PBXBuildFile; fileRef = 2B46762B286B308B0056CAD7 /* DataProvider.swift */; };
		2B46762F286BA51C0056CAD7 /* AlamofireNetworkManager.swift in Sources */ = {isa = PBXBuildFile; fileRef = 2B46762E286BA51C0056CAD7 /* AlamofireNetworkManager.swift */; };
		2B473AF3286A3C12008F9277 /* ImageViewController.swift in Sources */ = {isa = PBXBuildFile; fileRef = 2B473AF2286A3C12008F9277 /* ImageViewController.swift */; };
		2B546E042864F45E0020B53F /* AppDelegate.swift in Sources */ = {isa = PBXBuildFile; fileRef = 2B546E032864F45E0020B53F /* AppDelegate.swift */; };
		2B546E062864F45E0020B53F /* SceneDelegate.swift in Sources */ = {isa = PBXBuildFile; fileRef = 2B546E052864F45E0020B53F /* SceneDelegate.swift */; };
		2B546E0B2864F45E0020B53F /* Main.storyboard in Resources */ = {isa = PBXBuildFile; fileRef = 2B546E092864F45E0020B53F /* Main.storyboard */; };
		2B546E0D2864F4600020B53F /* Assets.xcassets in Resources */ = {isa = PBXBuildFile; fileRef = 2B546E0C2864F4600020B53F /* Assets.xcassets */; };
		2B546E102864F4600020B53F /* LaunchScreen.storyboard in Resources */ = {isa = PBXBuildFile; fileRef = 2B546E0E2864F4600020B53F /* LaunchScreen.storyboard */; };
		2B8C0573286DC56500067966 /* LoginViewController.swift in Sources */ = {isa = PBXBuildFile; fileRef = 2B8C0572286DC56500067966 /* LoginViewController.swift */; };
		2B8C0576286DC5A600067966 /* Extensions.swift in Sources */ = {isa = PBXBuildFile; fileRef = 2B8C0575286DC5A600067966 /* Extensions.swift */; };
		2B8C0578286DD74B00067966 /* UserProfileViewController.swift in Sources */ = {isa = PBXBuildFile; fileRef = 2B8C0577286DD74B00067966 /* UserProfileViewController.swift */; };
		2B8C057A286E1DDC00067966 /* GoogleService-Info.plist in Resources */ = {isa = PBXBuildFile; fileRef = 2B8C0579286E1DDC00067966 /* GoogleService-Info.plist */; };
		2BA63DC9286AF73A00542800 /* CoursesTableViewController.swift in Sources */ = {isa = PBXBuildFile; fileRef = 2BA63DC8286AF73A00542800 /* CoursesTableViewController.swift */; };
		2BA63DCB286AF79A00542800 /* WebViewController.swift in Sources */ = {isa = PBXBuildFile; fileRef = 2BA63DCA286AF79A00542800 /* WebViewController.swift */; };
		2BA63DD1286AF95500542800 /* Course.swift in Sources */ = {isa = PBXBuildFile; fileRef = 2BA63DD0286AF95500542800 /* Course.swift */; };
		2BA63DD4286AFE0100542800 /* WebsiteDescription.swift in Sources */ = {isa = PBXBuildFile; fileRef = 2BA63DD3286AFE0100542800 /* WebsiteDescription.swift */; };
		2BA63DD6286B04FA00542800 /* TableViewCell.swift in Sources */ = {isa = PBXBuildFile; fileRef = 2BA63DD5286B04FA00542800 /* TableViewCell.swift */; };
		2BA63DD9286B16FC00542800 /* MainCollectionViewController.swift in Sources */ = {isa = PBXBuildFile; fileRef = 2BA63DD8286B16FC00542800 /* MainCollectionViewController.swift */; };
		2BA63DDB286B171700542800 /* CollectionViewCell.swift in Sources */ = {isa = PBXBuildFile; fileRef = 2BA63DDA286B171700542800 /* CollectionViewCell.swift */; };
		83FE60F12146992032968E08 /* Pods_NetworkingApp.framework in Frameworks */ = {isa = PBXBuildFile; fileRef = 5A449B651D204171CF9C9E7F /* Pods_NetworkingApp.framework */; };
/* End PBXBuildFile section */

/* Begin PBXFileReference section */
		269231D11D938D5577ADF0B7 /* Pods-NetworkingApp.release.xcconfig */ = {isa = PBXFileReference; includeInIndex = 1; lastKnownFileType = text.xcconfig; name = "Pods-NetworkingApp.release.xcconfig"; path = "Target Support Files/Pods-NetworkingApp/Pods-NetworkingApp.release.xcconfig"; sourceTree = "<group>"; };
		2B467627286B19F20056CAD7 /* NetworkManager.swift */ = {isa = PBXFileReference; lastKnownFileType = sourcecode.swift; path = NetworkManager.swift; sourceTree = "<group>"; };
		2B467629286B292E0056CAD7 /* ImageProperties.swift */ = {isa = PBXFileReference; lastKnownFileType = sourcecode.swift; path = ImageProperties.swift; sourceTree = "<group>"; };
		2B46762B286B308B0056CAD7 /* DataProvider.swift */ = {isa = PBXFileReference; lastKnownFileType = sourcecode.swift; path = DataProvider.swift; sourceTree = "<group>"; };
		2B46762E286BA51C0056CAD7 /* AlamofireNetworkManager.swift */ = {isa = PBXFileReference; lastKnownFileType = sourcecode.swift; path = AlamofireNetworkManager.swift; sourceTree = "<group>"; };
		2B473AF2286A3C12008F9277 /* ImageViewController.swift */ = {isa = PBXFileReference; fileEncoding = 4; lastKnownFileType = sourcecode.swift; path = ImageViewController.swift; sourceTree = "<group>"; };
		2B546E002864F45E0020B53F /* NetworkingApp.app */ = {isa = PBXFileReference; explicitFileType = wrapper.application; includeInIndex = 0; path = NetworkingApp.app; sourceTree = BUILT_PRODUCTS_DIR; };
		2B546E032864F45E0020B53F /* AppDelegate.swift */ = {isa = PBXFileReference; lastKnownFileType = sourcecode.swift; path = AppDelegate.swift; sourceTree = "<group>"; };
		2B546E052864F45E0020B53F /* SceneDelegate.swift */ = {isa = PBXFileReference; lastKnownFileType = sourcecode.swift; path = SceneDelegate.swift; sourceTree = "<group>"; };
		2B546E0A2864F45E0020B53F /* Base */ = {isa = PBXFileReference; lastKnownFileType = file.storyboard; name = Base; path = Base.lproj/Main.storyboard; sourceTree = "<group>"; };
		2B546E0C2864F4600020B53F /* Assets.xcassets */ = {isa = PBXFileReference; lastKnownFileType = folder.assetcatalog; path = Assets.xcassets; sourceTree = "<group>"; };
		2B546E0F2864F4600020B53F /* Base */ = {isa = PBXFileReference; lastKnownFileType = file.storyboard; name = Base; path = Base.lproj/LaunchScreen.storyboard; sourceTree = "<group>"; };
		2B546E112864F4600020B53F /* Info.plist */ = {isa = PBXFileReference; lastKnownFileType = text.plist.xml; path = Info.plist; sourceTree = "<group>"; };
		2B8C0571286DC49E00067966 /* NetworkingApp.entitlements */ = {isa = PBXFileReference; lastKnownFileType = text.plist.entitlements; path = NetworkingApp.entitlements; sourceTree = "<group>"; };
		2B8C0572286DC56500067966 /* LoginViewController.swift */ = {isa = PBXFileReference; lastKnownFileType = sourcecode.swift; path = LoginViewController.swift; sourceTree = "<group>"; };
		2B8C0575286DC5A600067966 /* Extensions.swift */ = {isa = PBXFileReference; fileEncoding = 4; lastKnownFileType = sourcecode.swift; path = Extensions.swift; sourceTree = "<group>"; };
		2B8C0577286DD74B00067966 /* UserProfileViewController.swift */ = {isa = PBXFileReference; lastKnownFileType = sourcecode.swift; path = UserProfileViewController.swift; sourceTree = "<group>"; };
		2B8C0579286E1DDC00067966 /* GoogleService-Info.plist */ = {isa = PBXFileReference; fileEncoding = 4; lastKnownFileType = text.plist.xml; path = "GoogleService-Info.plist"; sourceTree = "<group>"; };
		2BA63DC8286AF73A00542800 /* CoursesTableViewController.swift */ = {isa = PBXFileReference; lastKnownFileType = sourcecode.swift; path = CoursesTableViewController.swift; sourceTree = "<group>"; };
		2BA63DCA286AF79A00542800 /* WebViewController.swift */ = {isa = PBXFileReference; lastKnownFileType = sourcecode.swift; path = WebViewController.swift; sourceTree = "<group>"; };
		2BA63DD0286AF95500542800 /* Course.swift */ = {isa = PBXFileReference; lastKnownFileType = sourcecode.swift; path = Course.swift; sourceTree = "<group>"; };
		2BA63DD3286AFE0100542800 /* WebsiteDescription.swift */ = {isa = PBXFileReference; lastKnownFileType = sourcecode.swift; path = WebsiteDescription.swift; sourceTree = "<group>"; };
		2BA63DD5286B04FA00542800 /* TableViewCell.swift */ = {isa = PBXFileReference; lastKnownFileType = sourcecode.swift; path = TableViewCell.swift; sourceTree = "<group>"; };
		2BA63DD8286B16FC00542800 /* MainCollectionViewController.swift */ = {isa = PBXFileReference; lastKnownFileType = sourcecode.swift; path = MainCollectionViewController.swift; sourceTree = "<group>"; };
		2BA63DDA286B171700542800 /* CollectionViewCell.swift */ = {isa = PBXFileReference; lastKnownFileType = sourcecode.swift; path = CollectionViewCell.swift; sourceTree = "<group>"; };
		5A449B651D204171CF9C9E7F /* Pods_NetworkingApp.framework */ = {isa = PBXFileReference; explicitFileType = wrapper.framework; includeInIndex = 0; path = Pods_NetworkingApp.framework; sourceTree = BUILT_PRODUCTS_DIR; };
		BD5481CB7EDD8F256C47310D /* Pods-NetworkingApp.debug.xcconfig */ = {isa = PBXFileReference; includeInIndex = 1; lastKnownFileType = text.xcconfig; name = "Pods-NetworkingApp.debug.xcconfig"; path = "Target Support Files/Pods-NetworkingApp/Pods-NetworkingApp.debug.xcconfig"; sourceTree = "<group>"; };
/* End PBXFileReference section */

/* Begin PBXFrameworksBuildPhase section */
		2B546DFD2864F45E0020B53F /* Frameworks */ = {
			isa = PBXFrameworksBuildPhase;
			buildActionMask = 2147483647;
			files = (
				83FE60F12146992032968E08 /* Pods_NetworkingApp.framework in Frameworks */,
			);
			runOnlyForDeploymentPostprocessing = 0;
		};
/* End PBXFrameworksBuildPhase section */

/* Begin PBXGroup section */
		2B46762D286B342F0056CAD7 /* Services */ = {
			isa = PBXGroup;
			children = (
				2B467627286B19F20056CAD7 /* NetworkManager.swift */,
				2B46762B286B308B0056CAD7 /* DataProvider.swift */,
				2B46762E286BA51C0056CAD7 /* AlamofireNetworkManager.swift */,
			);
			path = Services;
			sourceTree = "<group>";
		};
		2B546DF72864F45E0020B53F = {
			isa = PBXGroup;
			children = (
				2B546E022864F45E0020B53F /* NetworkingApp */,
				2B546E012864F45E0020B53F /* Products */,
				C9B9D152F38439FC1E52FE44 /* Pods */,
				4D650BE99A5FE48EE2A0E9EE /* Frameworks */,
			);
			sourceTree = "<group>";
		};
		2B546E012864F45E0020B53F /* Products */ = {
			isa = PBXGroup;
			children = (
				2B546E002864F45E0020B53F /* NetworkingApp.app */,
			);
			name = Products;
			sourceTree = "<group>";
		};
		2B546E022864F45E0020B53F /* NetworkingApp */ = {
			isa = PBXGroup;
			children = (
				2B8C0574286DC58700067966 /* Extensions */,
				2B8C0571286DC49E00067966 /* NetworkingApp.entitlements */,
				2BA63DCE286AF92B00542800 /* App Supporting files */,
				2BA63DCC286AF90900542800 /* ViewControllers */,
				2BA63DCD286AF91800542800 /* Storyboards */,
				2BA63DD2286AF95B00542800 /* Models */,
				2BA63DCF286AF93F00542800 /* Resources */,
				2BA63DD7286B050000542800 /* View */,
				2B46762D286B342F0056CAD7 /* Services */,
			);
			path = NetworkingApp;
			sourceTree = "<group>";
		};
		2B8C0574286DC58700067966 /* Extensions */ = {
			isa = PBXGroup;
			children = (
				2B8C0575286DC5A600067966 /* Extensions.swift */,
			);
			path = Extensions;
			sourceTree = "<group>";
		};
		2BA63DCC286AF90900542800 /* ViewControllers */ = {
			isa = PBXGroup;
			children = (
				2B473AF2286A3C12008F9277 /* ImageViewController.swift */,
				2BA63DCA286AF79A00542800 /* WebViewController.swift */,
				2BA63DC8286AF73A00542800 /* CoursesTableViewController.swift */,
				2BA63DD8286B16FC00542800 /* MainCollectionViewController.swift */,
				2B8C0572286DC56500067966 /* LoginViewController.swift */,
				2B8C0577286DD74B00067966 /* UserProfileViewController.swift */,
			);
			path = ViewControllers;
			sourceTree = "<group>";
		};
		2BA63DCD286AF91800542800 /* Storyboards */ = {
			isa = PBXGroup;
			children = (
				2B546E092864F45E0020B53F /* Main.storyboard */,
				2B546E0E2864F4600020B53F /* LaunchScreen.storyboard */,
			);
			path = Storyboards;
			sourceTree = "<group>";
		};
		2BA63DCE286AF92B00542800 /* App Supporting files */ = {
			isa = PBXGroup;
			children = (
				2B546E032864F45E0020B53F /* AppDelegate.swift */,
				2B546E052864F45E0020B53F /* SceneDelegate.swift */,
				2B546E112864F4600020B53F /* Info.plist */,
				2B8C0579286E1DDC00067966 /* GoogleService-Info.plist */,
			);
			path = "App Supporting files";
			sourceTree = "<group>";
		};
		2BA63DCF286AF93F00542800 /* Resources */ = {
			isa = PBXGroup;
			children = (
				2B546E0C2864F4600020B53F /* Assets.xcassets */,
			);
			path = Resources;
			sourceTree = "<group>";
		};
		2BA63DD2286AF95B00542800 /* Models */ = {
			isa = PBXGroup;
			children = (
				2BA63DD0286AF95500542800 /* Course.swift */,
				2BA63DD3286AFE0100542800 /* WebsiteDescription.swift */,
				2B467629286B292E0056CAD7 /* ImageProperties.swift */,
			);
			path = Models;
			sourceTree = "<group>";
		};
		2BA63DD7286B050000542800 /* View */ = {
			isa = PBXGroup;
			children = (
				2BA63DD5286B04FA00542800 /* TableViewCell.swift */,
				2BA63DDA286B171700542800 /* CollectionViewCell.swift */,
			);
			path = View;
			sourceTree = "<group>";
		};
		4D650BE99A5FE48EE2A0E9EE /* Frameworks */ = {
			isa = PBXGroup;
			children = (
				5A449B651D204171CF9C9E7F /* Pods_NetworkingApp.framework */,
			);
			name = Frameworks;
			sourceTree = "<group>";
		};
		C9B9D152F38439FC1E52FE44 /* Pods */ = {
			isa = PBXGroup;
			children = (
				BD5481CB7EDD8F256C47310D /* Pods-NetworkingApp.debug.xcconfig */,
				269231D11D938D5577ADF0B7 /* Pods-NetworkingApp.release.xcconfig */,
			);
			path = Pods;
			sourceTree = "<group>";
		};
/* End PBXGroup section */

/* Begin PBXNativeTarget section */
		2B546DFF2864F45E0020B53F /* NetworkingApp */ = {
			isa = PBXNativeTarget;
			buildConfigurationList = 2B546E142864F4600020B53F /* Build configuration list for PBXNativeTarget "NetworkingApp" */;
			buildPhases = (
				495C437513C4170E7A1B993B /* [CP] Check Pods Manifest.lock */,
				2B546DFC2864F45E0020B53F /* Sources */,
				2B546DFD2864F45E0020B53F /* Frameworks */,
				2B546DFE2864F45E0020B53F /* Resources */,
				9655E60B3D7998AB06C42B95 /* [CP] Embed Pods Frameworks */,
			);
			buildRules = (
			);
			dependencies = (
			);
			name = NetworkingApp;
			productName = NetworkingApp;
			productReference = 2B546E002864F45E0020B53F /* NetworkingApp.app */;
			productType = "com.apple.product-type.application";
		};
/* End PBXNativeTarget section */

/* Begin PBXProject section */
		2B546DF82864F45E0020B53F /* Project object */ = {
			isa = PBXProject;
			attributes = {
				BuildIndependentTargetsInParallel = 1;
				LastSwiftUpdateCheck = 1340;
				LastUpgradeCheck = 1340;
				TargetAttributes = {
					2B546DFF2864F45E0020B53F = {
						CreatedOnToolsVersion = 13.4;
					};
				};
			};
			buildConfigurationList = 2B546DFB2864F45E0020B53F /* Build configuration list for PBXProject "NetworkingApp" */;
			compatibilityVersion = "Xcode 13.0";
			developmentRegion = en;
			hasScannedForEncodings = 0;
			knownRegions = (
				en,
				Base,
			);
			mainGroup = 2B546DF72864F45E0020B53F;
			productRefGroup = 2B546E012864F45E0020B53F /* Products */;
			projectDirPath = "";
			projectRoot = "";
			targets = (
				2B546DFF2864F45E0020B53F /* NetworkingApp */,
			);
		};
/* End PBXProject section */

/* Begin PBXResourcesBuildPhase section */
		2B546DFE2864F45E0020B53F /* Resources */ = {
			isa = PBXResourcesBuildPhase;
			buildActionMask = 2147483647;
			files = (
				2B546E102864F4600020B53F /* LaunchScreen.storyboard in Resources */,
				2B8C057A286E1DDC00067966 /* GoogleService-Info.plist in Resources */,
				2B546E0D2864F4600020B53F /* Assets.xcassets in Resources */,
				2B546E0B2864F45E0020B53F /* Main.storyboard in Resources */,
			);
			runOnlyForDeploymentPostprocessing = 0;
		};
/* End PBXResourcesBuildPhase section */

/* Begin PBXShellScriptBuildPhase section */
		495C437513C4170E7A1B993B /* [CP] Check Pods Manifest.lock */ = {
			isa = PBXShellScriptBuildPhase;
			buildActionMask = 2147483647;
			files = (
			);
			inputFileListPaths = (
			);
			inputPaths = (
				"${PODS_PODFILE_DIR_PATH}/Podfile.lock",
				"${PODS_ROOT}/Manifest.lock",
			);
			name = "[CP] Check Pods Manifest.lock";
			outputFileListPaths = (
			);
			outputPaths = (
				"$(DERIVED_FILE_DIR)/Pods-NetworkingApp-checkManifestLockResult.txt",
			);
			runOnlyForDeploymentPostprocessing = 0;
			shellPath = /bin/sh;
			shellScript = "diff \"${PODS_PODFILE_DIR_PATH}/Podfile.lock\" \"${PODS_ROOT}/Manifest.lock\" > /dev/null\nif [ $? != 0 ] ; then\n    # print error to STDERR\n    echo \"error: The sandbox is not in sync with the Podfile.lock. Run 'pod install' or update your CocoaPods installation.\" >&2\n    exit 1\nfi\n# This output is used by Xcode 'outputs' to avoid re-running this script phase.\necho \"SUCCESS\" > \"${SCRIPT_OUTPUT_FILE_0}\"\n";
			showEnvVarsInLog = 0;
		};
		9655E60B3D7998AB06C42B95 /* [CP] Embed Pods Frameworks */ = {
			isa = PBXShellScriptBuildPhase;
			buildActionMask = 2147483647;
			files = (
			);
			inputFileListPaths = (
				"${PODS_ROOT}/Target Support Files/Pods-NetworkingApp/Pods-NetworkingApp-frameworks-${CONFIGURATION}-input-files.xcfilelist",
			);
			name = "[CP] Embed Pods Frameworks";
			outputFileListPaths = (
				"${PODS_ROOT}/Target Support Files/Pods-NetworkingApp/Pods-NetworkingApp-frameworks-${CONFIGURATION}-output-files.xcfilelist",
			);
			runOnlyForDeploymentPostprocessing = 0;
			shellPath = /bin/sh;
			shellScript = "\"${PODS_ROOT}/Target Support Files/Pods-NetworkingApp/Pods-NetworkingApp-frameworks.sh\"\n";
			showEnvVarsInLog = 0;
		};
/* End PBXShellScriptBuildPhase section */

/* Begin PBXSourcesBuildPhase section */
		2B546DFC2864F45E0020B53F /* Sources */ = {
			isa = PBXSourcesBuildPhase;
			buildActionMask = 2147483647;
			files = (
				2B467628286B19F20056CAD7 /* NetworkManager.swift in Sources */,
				2BA63DD9286B16FC00542800 /* MainCollectionViewController.swift in Sources */,
				2BA63DD1286AF95500542800 /* Course.swift in Sources */,
				2B8C0573286DC56500067966 /* LoginViewController.swift in Sources */,
				2BA63DD4286AFE0100542800 /* WebsiteDescription.swift in Sources */,
				2B8C0578286DD74B00067966 /* UserProfileViewController.swift in Sources */,
				2BA63DD6286B04FA00542800 /* TableViewCell.swift in Sources */,
				2BA63DCB286AF79A00542800 /* WebViewController.swift in Sources */,
				2BA63DC9286AF73A00542800 /* CoursesTableViewController.swift in Sources */,
				2B46762F286BA51C0056CAD7 /* AlamofireNetworkManager.swift in Sources */,
				2B546E042864F45E0020B53F /* AppDelegate.swift in Sources */,
				2B46762A286B292E0056CAD7 /* ImageProperties.swift in Sources */,
				2B8C0576286DC5A600067966 /* Extensions.swift in Sources */,
				2B473AF3286A3C12008F9277 /* ImageViewController.swift in Sources */,
				2B546E062864F45E0020B53F /* SceneDelegate.swift in Sources */,
				2BA63DDB286B171700542800 /* CollectionViewCell.swift in Sources */,
				2B46762C286B308B0056CAD7 /* DataProvider.swift in Sources */,
			);
			runOnlyForDeploymentPostprocessing = 0;
		};
/* End PBXSourcesBuildPhase section */

/* Begin PBXVariantGroup section */
		2B546E092864F45E0020B53F /* Main.storyboard */ = {
			isa = PBXVariantGroup;
			children = (
				2B546E0A2864F45E0020B53F /* Base */,
			);
			name = Main.storyboard;
			sourceTree = "<group>";
		};
		2B546E0E2864F4600020B53F /* LaunchScreen.storyboard */ = {
			isa = PBXVariantGroup;
			children = (
				2B546E0F2864F4600020B53F /* Base */,
			);
			name = LaunchScreen.storyboard;
			sourceTree = "<group>";
		};
/* End PBXVariantGroup section */

/* Begin XCBuildConfiguration section */
		2B546E122864F4600020B53F /* Debug */ = {
			isa = XCBuildConfiguration;
			buildSettings = {
				ALWAYS_SEARCH_USER_PATHS = NO;
				CLANG_ANALYZER_NONNULL = YES;
				CLANG_ANALYZER_NUMBER_OBJECT_CONVERSION = YES_AGGRESSIVE;
				CLANG_CXX_LANGUAGE_STANDARD = "gnu++17";
				CLANG_ENABLE_MODULES = YES;
				CLANG_ENABLE_OBJC_ARC = YES;
				CLANG_ENABLE_OBJC_WEAK = YES;
				CLANG_WARN_BLOCK_CAPTURE_AUTORELEASING = YES;
				CLANG_WARN_BOOL_CONVERSION = YES;
				CLANG_WARN_COMMA = YES;
				CLANG_WARN_CONSTANT_CONVERSION = YES;
				CLANG_WARN_DEPRECATED_OBJC_IMPLEMENTATIONS = YES;
				CLANG_WARN_DIRECT_OBJC_ISA_USAGE = YES_ERROR;
				CLANG_WARN_DOCUMENTATION_COMMENTS = YES;
				CLANG_WARN_EMPTY_BODY = YES;
				CLANG_WARN_ENUM_CONVERSION = YES;
				CLANG_WARN_INFINITE_RECURSION = YES;
				CLANG_WARN_INT_CONVERSION = YES;
				CLANG_WARN_NON_LITERAL_NULL_CONVERSION = YES;
				CLANG_WARN_OBJC_IMPLICIT_RETAIN_SELF = YES;
				CLANG_WARN_OBJC_LITERAL_CONVERSION = YES;
				CLANG_WARN_OBJC_ROOT_CLASS = YES_ERROR;
				CLANG_WARN_QUOTED_INCLUDE_IN_FRAMEWORK_HEADER = YES;
				CLANG_WARN_RANGE_LOOP_ANALYSIS = YES;
				CLANG_WARN_STRICT_PROTOTYPES = YES;
				CLANG_WARN_SUSPICIOUS_MOVE = YES;
				CLANG_WARN_UNGUARDED_AVAILABILITY = YES_AGGRESSIVE;
				CLANG_WARN_UNREACHABLE_CODE = YES;
				CLANG_WARN__DUPLICATE_METHOD_MATCH = YES;
				COPY_PHASE_STRIP = NO;
				DEBUG_INFORMATION_FORMAT = dwarf;
				ENABLE_STRICT_OBJC_MSGSEND = YES;
				ENABLE_TESTABILITY = YES;
				GCC_C_LANGUAGE_STANDARD = gnu11;
				GCC_DYNAMIC_NO_PIC = NO;
				GCC_NO_COMMON_BLOCKS = YES;
				GCC_OPTIMIZATION_LEVEL = 0;
				GCC_PREPROCESSOR_DEFINITIONS = (
					"DEBUG=1",
					"$(inherited)",
				);
				GCC_WARN_64_TO_32_BIT_CONVERSION = YES;
				GCC_WARN_ABOUT_RETURN_TYPE = YES_ERROR;
				GCC_WARN_UNDECLARED_SELECTOR = YES;
				GCC_WARN_UNINITIALIZED_AUTOS = YES_AGGRESSIVE;
				GCC_WARN_UNUSED_FUNCTION = YES;
				GCC_WARN_UNUSED_VARIABLE = YES;
				IPHONEOS_DEPLOYMENT_TARGET = 15.5;
				MTL_ENABLE_DEBUG_INFO = INCLUDE_SOURCE;
				MTL_FAST_MATH = YES;
				ONLY_ACTIVE_ARCH = YES;
				SDKROOT = iphoneos;
				SWIFT_ACTIVE_COMPILATION_CONDITIONS = DEBUG;
				SWIFT_OPTIMIZATION_LEVEL = "-Onone";
			};
			name = Debug;
		};
		2B546E132864F4600020B53F /* Release */ = {
			isa = XCBuildConfiguration;
			buildSettings = {
				ALWAYS_SEARCH_USER_PATHS = NO;
				CLANG_ANALYZER_NONNULL = YES;
				CLANG_ANALYZER_NUMBER_OBJECT_CONVERSION = YES_AGGRESSIVE;
				CLANG_CXX_LANGUAGE_STANDARD = "gnu++17";
				CLANG_ENABLE_MODULES = YES;
				CLANG_ENABLE_OBJC_ARC = YES;
				CLANG_ENABLE_OBJC_WEAK = YES;
				CLANG_WARN_BLOCK_CAPTURE_AUTORELEASING = YES;
				CLANG_WARN_BOOL_CONVERSION = YES;
				CLANG_WARN_COMMA = YES;
				CLANG_WARN_CONSTANT_CONVERSION = YES;
				CLANG_WARN_DEPRECATED_OBJC_IMPLEMENTATIONS = YES;
				CLANG_WARN_DIRECT_OBJC_ISA_USAGE = YES_ERROR;
				CLANG_WARN_DOCUMENTATION_COMMENTS = YES;
				CLANG_WARN_EMPTY_BODY = YES;
				CLANG_WARN_ENUM_CONVERSION = YES;
				CLANG_WARN_INFINITE_RECURSION = YES;
				CLANG_WARN_INT_CONVERSION = YES;
				CLANG_WARN_NON_LITERAL_NULL_CONVERSION = YES;
				CLANG_WARN_OBJC_IMPLICIT_RETAIN_SELF = YES;
				CLANG_WARN_OBJC_LITERAL_CONVERSION = YES;
				CLANG_WARN_OBJC_ROOT_CLASS = YES_ERROR;
				CLANG_WARN_QUOTED_INCLUDE_IN_FRAMEWORK_HEADER = YES;
				CLANG_WARN_RANGE_LOOP_ANALYSIS = YES;
				CLANG_WARN_STRICT_PROTOTYPES = YES;
				CLANG_WARN_SUSPICIOUS_MOVE = YES;
				CLANG_WARN_UNGUARDED_AVAILABILITY = YES_AGGRESSIVE;
				CLANG_WARN_UNREACHABLE_CODE = YES;
				CLANG_WARN__DUPLICATE_METHOD_MATCH = YES;
				COPY_PHASE_STRIP = NO;
				DEBUG_INFORMATION_FORMAT = "dwarf-with-dsym";
				ENABLE_NS_ASSERTIONS = NO;
				ENABLE_STRICT_OBJC_MSGSEND = YES;
				GCC_C_LANGUAGE_STANDARD = gnu11;
				GCC_NO_COMMON_BLOCKS = YES;
				GCC_WARN_64_TO_32_BIT_CONVERSION = YES;
				GCC_WARN_ABOUT_RETURN_TYPE = YES_ERROR;
				GCC_WARN_UNDECLARED_SELECTOR = YES;
				GCC_WARN_UNINITIALIZED_AUTOS = YES_AGGRESSIVE;
				GCC_WARN_UNUSED_FUNCTION = YES;
				GCC_WARN_UNUSED_VARIABLE = YES;
				IPHONEOS_DEPLOYMENT_TARGET = 15.5;
				MTL_ENABLE_DEBUG_INFO = NO;
				MTL_FAST_MATH = YES;
				SDKROOT = iphoneos;
				SWIFT_COMPILATION_MODE = wholemodule;
				SWIFT_OPTIMIZATION_LEVEL = "-O";
				VALIDATE_PRODUCT = YES;
			};
			name = Release;
		};
		2B546E152864F4600020B53F /* Debug */ = {
			isa = XCBuildConfiguration;
			baseConfigurationReference = BD5481CB7EDD8F256C47310D /* Pods-NetworkingApp.debug.xcconfig */;
			buildSettings = {
				ASSETCATALOG_COMPILER_APPICON_NAME = AppIcon;
				ASSETCATALOG_COMPILER_GLOBAL_ACCENT_COLOR_NAME = AccentColor;
				CODE_SIGN_ENTITLEMENTS = NetworkingApp/NetworkingApp.entitlements;
				CODE_SIGN_STYLE = Automatic;
				CURRENT_PROJECT_VERSION = 1;
				DEVELOPMENT_TEAM = RB3BCBLCA6;
				GENERATE_INFOPLIST_FILE = YES;
				INFOPLIST_FILE = "NetworkingApp/App Supporting files/Info.plist";
				INFOPLIST_KEY_UIApplicationSupportsIndirectInputEvents = YES;
				INFOPLIST_KEY_UILaunchStoryboardName = LaunchScreen;
				INFOPLIST_KEY_UIMainStoryboardFile = Main;
				INFOPLIST_KEY_UISupportedInterfaceOrientations_iPad = "UIInterfaceOrientationPortrait UIInterfaceOrientationPortraitUpsideDown UIInterfaceOrientationLandscapeLeft UIInterfaceOrientationLandscapeRight";
				INFOPLIST_KEY_UISupportedInterfaceOrientations_iPhone = "UIInterfaceOrientationPortrait UIInterfaceOrientationLandscapeLeft UIInterfaceOrientationLandscapeRight";
				LD_RUNPATH_SEARCH_PATHS = (
					"$(inherited)",
					"@executable_path/Frameworks",
				);
				MARKETING_VERSION = 1.0;
				PRODUCT_BUNDLE_IDENTIFIER = com.thefiltitoff.NetworkingApp;
				PRODUCT_NAME = "$(TARGET_NAME)";
				SWIFT_EMIT_LOC_STRINGS = YES;
				SWIFT_VERSION = 5.0;
				TARGETED_DEVICE_FAMILY = "1,2";
			};
			name = Debug;
		};
		2B546E162864F4600020B53F /* Release */ = {
			isa = XCBuildConfiguration;
			baseConfigurationReference = 269231D11D938D5577ADF0B7 /* Pods-NetworkingApp.release.xcconfig */;
			buildSettings = {
				ASSETCATALOG_COMPILER_APPICON_NAME = AppIcon;
				ASSETCATALOG_COMPILER_GLOBAL_ACCENT_COLOR_NAME = AccentColor;
				CODE_SIGN_ENTITLEMENTS = NetworkingApp/NetworkingApp.entitlements;
				CODE_SIGN_STYLE = Automatic;
				CURRENT_PROJECT_VERSION = 1;
				DEVELOPMENT_TEAM = RB3BCBLCA6;
				GENERATE_INFOPLIST_FILE = YES;
				INFOPLIST_FILE = "NetworkingApp/App Supporting files/Info.plist";
				INFOPLIST_KEY_UIApplicationSupportsIndirectInputEvents = YES;
				INFOPLIST_KEY_UILaunchStoryboardName = LaunchScreen;
				INFOPLIST_KEY_UIMainStoryboardFile = Main;
				INFOPLIST_KEY_UISupportedInterfaceOrientations_iPad = "UIInterfaceOrientationPortrait UIInterfaceOrientationPortraitUpsideDown UIInterfaceOrientationLandscapeLeft UIInterfaceOrientationLandscapeRight";
				INFOPLIST_KEY_UISupportedInterfaceOrientations_iPhone = "UIInterfaceOrientationPortrait UIInterfaceOrientationLandscapeLeft UIInterfaceOrientationLandscapeRight";
				LD_RUNPATH_SEARCH_PATHS = (
					"$(inherited)",
					"@executable_path/Frameworks",
				);
				MARKETING_VERSION = 1.0;
				PRODUCT_BUNDLE_IDENTIFIER = com.thefiltitoff.NetworkingApp;
				PRODUCT_NAME = "$(TARGET_NAME)";
				SWIFT_EMIT_LOC_STRINGS = YES;
				SWIFT_VERSION = 5.0;
				TARGETED_DEVICE_FAMILY = "1,2";
			};
			name = Release;
		};
/* End XCBuildConfiguration section */

/* Begin XCConfigurationList section */
		2B546DFB2864F45E0020B53F /* Build configuration list for PBXProject "NetworkingApp" */ = {
			isa = XCConfigurationList;
			buildConfigurations = (
				2B546E122864F4600020B53F /* Debug */,
				2B546E132864F4600020B53F /* Release */,
			);
			defaultConfigurationIsVisible = 0;
			defaultConfigurationName = Release;
		};
		2B546E142864F4600020B53F /* Build configuration list for PBXNativeTarget "NetworkingApp" */ = {
			isa = XCConfigurationList;
			buildConfigurations = (
				2B546E152864F4600020B53F /* Debug */,
				2B546E162864F4600020B53F /* Release */,
			);
			defaultConfigurationIsVisible = 0;
			defaultConfigurationName = Release;
		};
/* End XCConfigurationList section */
	};
	rootObject = 2B546DF82864F45E0020B53F /* Project object */;
}
